
Microsoft Visual Studio Solution File, Format Version 12.00
# Visual Studio Version 16
VisualStudioVersion = 16.0.29123.88
MinimumVisualStudioVersion = 10.0.40219.1
Project("{FAE04EC0-301F-11D3-BF4B-00C04F79EFBC}") = "JWTAuthentication", "JWTAuthentication.csproj", "{B6F1646C-AD19-4915-A0F3-D9C329889B8B}"
EndProject
Global
	GlobalSection(SolutionConfigurationPlatforms) = preSolution
		Debug|Any CPU = Debug|Any CPU
		Release|Any CPU = Release|Any CPU
	EndGlobalSection
	GlobalSection(ProjectConfigurationPlatforms) = postSolution
		{B6F1646C-AD19-4915-A0F3-D9C329889B8B}.Debug|Any CPU.ActiveCfg = Debug|Any CPU
		{B6F1646C-AD19-4915-A0F3-D9C329889B8B}.Debug|Any CPU.Build.0 = Debug|Any CPU
		{B6F1646C-AD19-4915-A0F3-D9C329889B8B}.Release|Any CPU.ActiveCfg = Release|Any CPU
		{B6F1646C-AD19-4915-A0F3-D9C329889B8B}.Release|Any CPU.Build.0 = Release|Any CPU
	EndGlobalSection
	GlobalSection(SolutionProperties) = preSolution
		HideSolutionNode = FALSE
	EndGlobalSection
	GlobalSection(ExtensibilityGlobals) = postSolution
		SolutionGuid = {0CED9291-DA31-4520-A005-B145DAFDDEE1}
	EndGlobalSection
EndGlobal
